
Microsoft Visual Studio Solution File, Format Version 12.00
# Visual Studio Version 16
VisualStudioVersion = 16.0.30711.63
MinimumVisualStudioVersion = 10.0.40219.1
Project("{FAE04EC0-301F-11D3-BF4B-00C04F79EFBC}") = "ServiceASU1", "ServiceASU1\ServiceASU1.csproj", "{84CD85A4-0A89-4A23-8E5D-9C67AE1B4150}"
EndProject
Project("{FAE04EC0-301F-11D3-BF4B-00C04F79EFBC}") = "CompanyCoreLib", "CompanyCoreLib\CompanyCoreLib.csproj", "{F550A8BE-4073-46AF-AE50-69722AFF0DF8}"
EndProject
Project("{FAE04EC0-301F-11D3-BF4B-00C04F79EFBC}") = "CompanyCoreLibTests", "CompanyCoreLibTests\CompanyCoreLibTests.csproj", "{9AC4D52F-992B-43BC-A356-9C9135EC871D}"
EndProject
Global
	GlobalSection(SolutionConfigurationPlatforms) = preSolution
		Debug|Any CPU = Debug|Any CPU
		Release|Any CPU = Release|Any CPU
	EndGlobalSection
	GlobalSection(ProjectConfigurationPlatforms) = postSolution
		{84CD85A4-0A89-4A23-8E5D-9C67AE1B4150}.Debug|Any CPU.ActiveCfg = Debug|Any CPU
		{84CD85A4-0A89-4A23-8E5D-9C67AE1B4150}.Debug|Any CPU.Build.0 = Debug|Any CPU
		{84CD85A4-0A89-4A23-8E5D-9C67AE1B4150}.Release|Any CPU.ActiveCfg = Release|Any CPU
		{84CD85A4-0A89-4A23-8E5D-9C67AE1B4150}.Release|Any CPU.Build.0 = Release|Any CPU
		{F550A8BE-4073-46AF-AE50-69722AFF0DF8}.Debug|Any CPU.ActiveCfg = Debug|Any CPU
		{F550A8BE-4073-46AF-AE50-69722AFF0DF8}.Debug|Any CPU.Build.0 = Debug|Any CPU
		{F550A8BE-4073-46AF-AE50-69722AFF0DF8}.Release|Any CPU.ActiveCfg = Release|Any CPU
		{F550A8BE-4073-46AF-AE50-69722AFF0DF8}.Release|Any CPU.Build.0 = Release|Any CPU
		{9AC4D52F-992B-43BC-A356-9C9135EC871D}.Debug|Any CPU.ActiveCfg = Debug|Any CPU
		{9AC4D52F-992B-43BC-A356-9C9135EC871D}.Debug|Any CPU.Build.0 = Debug|Any CPU
		{9AC4D52F-992B-43BC-A356-9C9135EC871D}.Release|Any CPU.ActiveCfg = Release|Any CPU
		{9AC4D52F-992B-43BC-A356-9C9135EC871D}.Release|Any CPU.Build.0 = Release|Any CPU
	EndGlobalSection
	GlobalSection(SolutionProperties) = preSolution
		HideSolutionNode = FALSE
	EndGlobalSection
	GlobalSection(ExtensibilityGlobals) = postSolution
		SolutionGuid = {3D8121B3-F999-490B-8DEF-73635951DAEB}
	EndGlobalSection
EndGlobal
